
Microsoft Visual Studio Solution File, Format Version 12.00
# Visual Studio Version 17
VisualStudioVersion = 17.8.34322.80
MinimumVisualStudioVersion = 10.0.40219.1
Project("{FAE04EC0-301F-11D3-BF4B-00C04F79EFBC}") = "DavidBekeris", "DavidBekeris.csproj", "{23F1F84B-0A3F-415D-93BF-729B9D3BCA12}"
EndProject
Global
	GlobalSection(SolutionConfigurationPlatforms) = preSolution
		Debug|Any CPU = Debug|Any CPU
		Release|Any CPU = Release|Any CPU
	EndGlobalSection
	GlobalSection(ProjectConfigurationPlatforms) = postSolution
		{23F1F84B-0A3F-415D-93BF-729B9D3BCA12}.Debug|Any CPU.ActiveCfg = Debug|Any CPU
		{23F1F84B-0A3F-415D-93BF-729B9D3BCA12}.Debug|Any CPU.Build.0 = Debug|Any CPU
		{23F1F84B-0A3F-415D-93BF-729B9D3BCA12}.Release|Any CPU.ActiveCfg = Release|Any CPU
		{23F1F84B-0A3F-415D-93BF-729B9D3BCA12}.Release|Any CPU.Build.0 = Release|Any CPU
	EndGlobalSection
	GlobalSection(SolutionProperties) = preSolution
		HideSolutionNode = FALSE
	EndGlobalSection
	GlobalSection(ExtensibilityGlobals) = postSolution
		SolutionGuid = {91B9257B-5659-4943-975F-754896C7654E}
	EndGlobalSection
EndGlobal
